// !$*UTF8*$!
{
	archiveVersion = 1;
	classes = {
	};
	objectVersion = 50;
	objects = {

/* Begin PBXBuildFile section */
		830781BC24B8F88400D642EB /* Expanding_hierarchyApp.swift in Sources */ = {isa = PBXBuildFile; fileRef = 830781A924B8F88000D642EB /* Expanding_hierarchyApp.swift */; };
		830781BD24B8F88400D642EB /* Expanding_hierarchyApp.swift in Sources */ = {isa = PBXBuildFile; fileRef = 830781A924B8F88000D642EB /* Expanding_hierarchyApp.swift */; };
		830781BE24B8F88400D642EB /* ContentView.swift in Sources */ = {isa = PBXBuildFile; fileRef = 830781AA24B8F88000D642EB /* ContentView.swift */; };
		830781BF24B8F88400D642EB /* ContentView.swift in Sources */ = {isa = PBXBuildFile; fileRef = 830781AA24B8F88000D642EB /* ContentView.swift */; };
		830781C024B8F88400D642EB /* Assets.xcassets in Resources */ = {isa = PBXBuildFile; fileRef = 830781AB24B8F88300D642EB /* Assets.xcassets */; };
		830781C124B8F88400D642EB /* Assets.xcassets in Resources */ = {isa = PBXBuildFile; fileRef = 830781AB24B8F88300D642EB /* Assets.xcassets */; };
/* End PBXBuildFile section */

/* Begin PBXFileReference section */
		830781A924B8F88000D642EB /* Expanding_hierarchyApp.swift */ = {isa = PBXFileReference; lastKnownFileType = sourcecode.swift; path = Expanding_hierarchyApp.swift; sourceTree = "<group>"; };
		830781AA24B8F88000D642EB /* ContentView.swift */ = {isa = PBXFileReference; lastKnownFileType = sourcecode.swift; path = ContentView.swift; sourceTree = "<group>"; };
		830781AB24B8F88300D642EB /* Assets.xcassets */ = {isa = PBXFileReference; lastKnownFileType = folder.assetcatalog; path = Assets.xcassets; sourceTree = "<group>"; };
		830781B024B8F88300D642EB /* Expanding hierarchy.app */ = {isa = PBXFileReference; explicitFileType = wrapper.application; includeInIndex = 0; path = "Expanding hierarchy.app"; sourceTree = BUILT_PRODUCTS_DIR; };
		830781B324B8F88300D642EB /* Info.plist */ = {isa = PBXFileReference; lastKnownFileType = text.plist.xml; path = Info.plist; sourceTree = "<group>"; };
		830781B824B8F88400D642EB /* Expanding hierarchy.app */ = {isa = PBXFileReference; explicitFileType = wrapper.application; includeInIndex = 0; path = "Expanding hierarchy.app"; sourceTree = BUILT_PRODUCTS_DIR; };
		830781BA24B8F88400D642EB /* Info.plist */ = {isa = PBXFileReference; lastKnownFileType = text.plist.xml; path = Info.plist; sourceTree = "<group>"; };
		830781BB24B8F88400D642EB /* macOS.entitlements */ = {isa = PBXFileReference; lastKnownFileType = text.plist.entitlements; path = macOS.entitlements; sourceTree = "<group>"; };
/* End PBXFileReference section */

/* Begin PBXFrameworksBuildPhase section */
		830781AD24B8F88300D642EB /* Frameworks */ = {
			isa = PBXFrameworksBuildPhase;
			buildActionMask = 2147483647;
			files = (
			);
			runOnlyForDeploymentPostprocessing = 0;
		};
		830781B524B8F88400D642EB /* Frameworks */ = {
			isa = PBXFrameworksBuildPhase;
			buildActionMask = 2147483647;
			files = (
			);
			runOnlyForDeploymentPostprocessing = 0;
		};
/* End PBXFrameworksBuildPhase section */

/* Begin PBXGroup section */
		830781A324B8F87F00D642EB = {
			isa = PBXGroup;
			children = (
				830781A824B8F88000D642EB /* Shared */,
				830781B224B8F88300D642EB /* iOS */,
				830781B924B8F88400D642EB /* macOS */,
				830781B124B8F88300D642EB /* Products */,
			);
			sourceTree = "<group>";
		};
		830781A824B8F88000D642EB /* Shared */ = {
			isa = PBXGroup;
			children = (
				830781A924B8F88000D642EB /* Expanding_hierarchyApp.swift */,
				830781AA24B8F88000D642EB /* ContentView.swift */,
				830781AB24B8F88300D642EB /* Assets.xcassets */,
			);
			path = Shared;
			sourceTree = "<group>";
		};
		830781B124B8F88300D642EB /* Products */ = {
			isa = PBXGroup;
			children = (
				830781B024B8F88300D642EB /* Expanding hierarchy.app */,
				830781B824B8F88400D642EB /* Expanding hierarchy.app */,
			);
			name = Products;
			sourceTree = "<group>";
		};
		830781B224B8F88300D642EB /* iOS */ = {
			isa = PBXGroup;
			children = (
				830781B324B8F88300D642EB /* Info.plist */,
			);
			path = iOS;
			sourceTree = "<group>";
		};
		830781B924B8F88400D642EB /* macOS */ = {
			isa = PBXGroup;
			children = (
				830781BA24B8F88400D642EB /* Info.plist */,
				830781BB24B8F88400D642EB /* macOS.entitlements */,
			);
			path = macOS;
			sourceTree = "<group>";
		};
/* End PBXGroup section */

/* Begin PBXNativeTarget section */
		830781AF24B8F88300D642EB /* Expanding hierarchy (iOS) */ = {
			isa = PBXNativeTarget;
			buildConfigurationList = 830781C424B8F88400D642EB /* Build configuration list for PBXNativeTarget "Expanding hierarchy (iOS)" */;
			buildPhases = (
				830781AC24B8F88300D642EB /* Sources */,
				830781AD24B8F88300D642EB /* Frameworks */,
				830781AE24B8F88300D642EB /* Resources */,
			);
			buildRules = (
			);
			dependencies = (
			);
			name = "Expanding hierarchy (iOS)";
			productName = "Expanding hierarchy (iOS)";
			productReference = 830781B024B8F88300D642EB /* Expanding hierarchy.app */;
			productType = "com.apple.product-type.application";
		};
		830781B724B8F88400D642EB /* Expanding hierarchy (macOS) */ = {
			isa = PBXNativeTarget;
			buildConfigurationList = 830781C724B8F88400D642EB /* Build configuration list for PBXNativeTarget "Expanding hierarchy (macOS)" */;
			buildPhases = (
				830781B424B8F88400D642EB /* Sources */,
				830781B524B8F88400D642EB /* Frameworks */,
				830781B624B8F88400D642EB /* Resources */,
			);
			buildRules = (
			);
			dependencies = (
			);
			name = "Expanding hierarchy (macOS)";
			productName = "Expanding hierarchy (macOS)";
			productReference = 830781B824B8F88400D642EB /* Expanding hierarchy.app */;
			productType = "com.apple.product-type.application";
		};
/* End PBXNativeTarget section */

/* Begin PBXProject section */
		830781A424B8F87F00D642EB /* Project object */ = {
			isa = PBXProject;
			attributes = {
				LastSwiftUpdateCheck = 1200;
				LastUpgradeCheck = 1200;
				TargetAttributes = {
					830781AF24B8F88300D642EB = {
						CreatedOnToolsVersion = 12.0;
					};
					830781B724B8F88400D642EB = {
						CreatedOnToolsVersion = 12.0;
					};
				};
			};
			buildConfigurationList = 830781A724B8F87F00D642EB /* Build configuration list for PBXProject "Expanding hierarchy" */;
			compatibilityVersion = "Xcode 9.3";
			developmentRegion = en;
			hasScannedForEncodings = 0;
			knownRegions = (
				en,
				Base,
			);
			mainGroup = 830781A324B8F87F00D642EB;
			productRefGroup = 830781B124B8F88300D642EB /* Products */;
			projectDirPath = "";
			projectRoot = "";
			targets = (
				830781AF24B8F88300D642EB /* Expanding hierarchy (iOS) */,
				830781B724B8F88400D642EB /* Expanding hierarchy (macOS) */,
			);
		};
/* End PBXProject section */

/* Begin PBXResourcesBuildPhase section */
		830781AE24B8F88300D642EB /* Resources */ = {
			isa = PBXResourcesBuildPhase;
			buildActionMask = 2147483647;
			files = (
				830781C024B8F88400D642EB /* Assets.xcassets in Resources */,
			);
			runOnlyForDeploymentPostprocessing = 0;
		};
		830781B624B8F88400D642EB /* Resources */ = {
			isa = PBXResourcesBuildPhase;
			buildActionMask = 2147483647;
			files = (
				830781C124B8F88400D642EB /* Assets.xcassets in Resources */,
			);
			runOnlyForDeploymentPostprocessing = 0;
		};
/* End PBXResourcesBuildPhase section */

/* Begin PBXSourcesBuildPhase section */
		830781AC24B8F88300D642EB /* Sources */ = {
			isa = PBXSourcesBuildPhase;
			buildActionMask = 2147483647;
			files = (
				830781BE24B8F88400D642EB /* ContentView.swift in Sources */,
				830781BC24B8F88400D642EB /* Expanding_hierarchyApp.swift in Sources */,
			);
			runOnlyForDeploymentPostprocessing = 0;
		};
		830781B424B8F88400D642EB /* Sources */ = {
			isa = PBXSourcesBuildPhase;
			buildActionMask = 2147483647;
			files = (
				830781BF24B8F88400D642EB /* ContentView.swift in Sources */,
				830781BD24B8F88400D642EB /* Expanding_hierarchyApp.swift in Sources */,
			);
			runOnlyForDeploymentPostprocessing = 0;
		};
/* End PBXSourcesBuildPhase section */

/* Begin XCBuildConfiguration section */
		830781C224B8F88400D642EB /* Debug */ = {
			isa = XCBuildConfiguration;
			buildSettings = {
				ALWAYS_SEARCH_USER_PATHS = NO;
				CLANG_ANALYZER_NONNULL = YES;
				CLANG_ANALYZER_NUMBER_OBJECT_CONVERSION = YES_AGGRESSIVE;
				CLANG_CXX_LANGUAGE_STANDARD = "gnu++14";
				CLANG_CXX_LIBRARY = "libc++";
				CLANG_ENABLE_MODULES = YES;
				CLANG_ENABLE_OBJC_ARC = YES;
				CLANG_ENABLE_OBJC_WEAK = YES;
				CLANG_WARN_BLOCK_CAPTURE_AUTORELEASING = YES;
				CLANG_WARN_BOOL_CONVERSION = YES;
				CLANG_WARN_COMMA = YES;
				CLANG_WARN_CONSTANT_CONVERSION = YES;
				CLANG_WARN_DEPRECATED_OBJC_IMPLEMENTATIONS = YES;
				CLANG_WARN_DIRECT_OBJC_ISA_USAGE = YES_ERROR;
				CLANG_WARN_DOCUMENTATION_COMMENTS = YES;
				CLANG_WARN_EMPTY_BODY = YES;
				CLANG_WARN_ENUM_CONVERSION = YES;
				CLANG_WARN_INFINITE_RECURSION = YES;
				CLANG_WARN_INT_CONVERSION = YES;
				CLANG_WARN_NON_LITERAL_NULL_CONVERSION = YES;
				CLANG_WARN_OBJC_IMPLICIT_RETAIN_SELF = YES;
				CLANG_WARN_OBJC_LITERAL_CONVERSION = YES;
				CLANG_WARN_OBJC_ROOT_CLASS = YES_ERROR;
				CLANG_WARN_QUOTED_INCLUDE_IN_FRAMEWORK_HEADER = YES;
				CLANG_WARN_RANGE_LOOP_ANALYSIS = YES;
				CLANG_WARN_STRICT_PROTOTYPES = YES;
				CLANG_WARN_SUSPICIOUS_MOVE = YES;
				CLANG_WARN_UNGUARDED_AVAILABILITY = YES_AGGRESSIVE;
				CLANG_WARN_UNREACHABLE_CODE = YES;
				CLANG_WARN__DUPLICATE_METHOD_MATCH = YES;
				COPY_PHASE_STRIP = NO;
				DEBUG_INFORMATION_FORMAT = dwarf;
				ENABLE_STRICT_OBJC_MSGSEND = YES;
				ENABLE_TESTABILITY = YES;
				GCC_C_LANGUAGE_STANDARD = gnu11;
				GCC_DYNAMIC_NO_PIC = NO;
				GCC_NO_COMMON_BLOCKS = YES;
				GCC_OPTIMIZATION_LEVEL = 0;
				GCC_PREPROCESSOR_DEFINITIONS = (
					"DEBUG=1",
					"$(inherited)",
				);
				GCC_WARN_64_TO_32_BIT_CONVERSION = YES;
				GCC_WARN_ABOUT_RETURN_TYPE = YES_ERROR;
				GCC_WARN_UNDECLARED_SELECTOR = YES;
				GCC_WARN_UNINITIALIZED_AUTOS = YES_AGGRESSIVE;
				GCC_WARN_UNUSED_FUNCTION = YES;
				GCC_WARN_UNUSED_VARIABLE = YES;
				MTL_ENABLE_DEBUG_INFO = INCLUDE_SOURCE;
				MTL_FAST_MATH = YES;
				ONLY_ACTIVE_ARCH = YES;
				SWIFT_ACTIVE_COMPILATION_CONDITIONS = DEBUG;
				SWIFT_OPTIMIZATION_LEVEL = "-Onone";
			};
			name = Debug;
		};
		830781C324B8F88400D642EB /* Release */ = {
			isa = XCBuildConfiguration;
			buildSettings = {
				ALWAYS_SEARCH_USER_PATHS = NO;
				CLANG_ANALYZER_NONNULL = YES;
				CLANG_ANALYZER_NUMBER_OBJECT_CONVERSION = YES_AGGRESSIVE;
				CLANG_CXX_LANGUAGE_STANDARD = "gnu++14";
				CLANG_CXX_LIBRARY = "libc++";
				CLANG_ENABLE_MODULES = YES;
				CLANG_ENABLE_OBJC_ARC = YES;
				CLANG_ENABLE_OBJC_WEAK = YES;
				CLANG_WARN_BLOCK_CAPTURE_AUTORELEASING = YES;
				CLANG_WARN_BOOL_CONVERSION = YES;
				CLANG_WARN_COMMA = YES;
				CLANG_WARN_CONSTANT_CONVERSION = YES;
				CLANG_WARN_DEPRECATED_OBJC_IMPLEMENTATIONS = YES;
				CLANG_WARN_DIRECT_OBJC_ISA_USAGE = YES_ERROR;
				CLANG_WARN_DOCUMENTATION_COMMENTS = YES;
				CLANG_WARN_EMPTY_BODY = YES;
				CLANG_WARN_ENUM_CONVERSION = YES;
				CLANG_WARN_INFINITE_RECURSION = YES;
				CLANG_WARN_INT_CONVERSION = YES;
				CLANG_WARN_NON_LITERAL_NULL_CONVERSION = YES;
				CLANG_WARN_OBJC_IMPLICIT_RETAIN_SELF = YES;
				CLANG_WARN_OBJC_LITERAL_CONVERSION = YES;
				CLANG_WARN_OBJC_ROOT_CLASS = YES_ERROR;
				CLANG_WARN_QUOTED_INCLUDE_IN_FRAMEWORK_HEADER = YES;
				CLANG_WARN_RANGE_LOOP_ANALYSIS = YES;
				CLANG_WARN_STRICT_PROTOTYPES = YES;
				CLANG_WARN_SUSPICIOUS_MOVE = YES;
				CLANG_WARN_UNGUARDED_AVAILABILITY = YES_AGGRESSIVE;
				CLANG_WARN_UNREACHABLE_CODE = YES;
				CLANG_WARN__DUPLICATE_METHOD_MATCH = YES;
				COPY_PHASE_STRIP = NO;
				DEBUG_INFORMATION_FORMAT = "dwarf-with-dsym";
				ENABLE_NS_ASSERTIONS = NO;
				ENABLE_STRICT_OBJC_MSGSEND = YES;
				GCC_C_LANGUAGE_STANDARD = gnu11;
				GCC_NO_COMMON_BLOCKS = YES;
				GCC_WARN_64_TO_32_BIT_CONVERSION = YES;
				GCC_WARN_ABOUT_RETURN_TYPE = YES_ERROR;
				GCC_WARN_UNDECLARED_SELECTOR = YES;
				GCC_WARN_UNINITIALIZED_AUTOS = YES_AGGRESSIVE;
				GCC_WARN_UNUSED_FUNCTION = YES;
				GCC_WARN_UNUSED_VARIABLE = YES;
				MTL_ENABLE_DEBUG_INFO = NO;
				MTL_FAST_MATH = YES;
				SWIFT_COMPILATION_MODE = wholemodule;
				SWIFT_OPTIMIZATION_LEVEL = "-O";
			};
			name = Release;
		};
		830781C524B8F88400D642EB /* Debug */ = {
			isa = XCBuildConfiguration;
			buildSettings = {
				ASSETCATALOG_COMPILER_APPICON_NAME = AppIcon;
				ASSETCATALOG_COMPILER_GLOBAL_ACCENT_COLOR_NAME = AccentColor;
				CODE_SIGN_STYLE = Automatic;
				DEVELOPMENT_TEAM = NWJALMT777;
				ENABLE_PREVIEWS = YES;
				INFOPLIST_FILE = iOS/Info.plist;
				IPHONEOS_DEPLOYMENT_TARGET = 14.0;
				LD_RUNPATH_SEARCH_PATHS = (
					"$(inherited)",
					"@executable_path/Frameworks",
				);
				PRODUCT_BUNDLE_IDENTIFIER = "code.amitdev.Expanding-hierarchy";
				PRODUCT_NAME = "Expanding hierarchy";
				SDKROOT = iphoneos;
				SWIFT_VERSION = 5.0;
				TARGETED_DEVICE_FAMILY = "1,2";
			};
			name = Debug;
		};
		830781C624B8F88400D642EB /* Release */ = {
			isa = XCBuildConfiguration;
			buildSettings = {
				ASSETCATALOG_COMPILER_APPICON_NAME = AppIcon;
				ASSETCATALOG_COMPILER_GLOBAL_ACCENT_COLOR_NAME = AccentColor;
				CODE_SIGN_STYLE = Automatic;
				DEVELOPMENT_TEAM = NWJALMT777;
				ENABLE_PREVIEWS = YES;
				INFOPLIST_FILE = iOS/Info.plist;
				IPHONEOS_DEPLOYMENT_TARGET = 14.0;
				LD_RUNPATH_SEARCH_PATHS = (
					"$(inherited)",
					"@executable_path/Frameworks",
				);
				PRODUCT_BUNDLE_IDENTIFIER = "code.amitdev.Expanding-hierarchy";
				PRODUCT_NAME = "Expanding hierarchy";
				SDKROOT = iphoneos;
				SWIFT_VERSION = 5.0;
				TARGETED_DEVICE_FAMILY = "1,2";
				VALIDATE_PRODUCT = YES;
			};
			name = Release;
		};
		830781C824B8F88400D642EB /* Debug */ = {
			isa = XCBuildConfiguration;
			buildSettings = {
				ASSETCATALOG_COMPILER_APPICON_NAME = AppIcon;
				ASSETCATALOG_COMPILER_GLOBAL_ACCENT_COLOR_NAME = AccentColor;
				CODE_SIGN_ENTITLEMENTS = macOS/macOS.entitlements;
				CODE_SIGN_STYLE = Automatic;
				COMBINE_HIDPI_IMAGES = YES;
				DEVELOPMENT_TEAM = NWJALMT777;
				ENABLE_HARDENED_RUNTIME = YES;
				ENABLE_PREVIEWS = YES;
				INFOPLIST_FILE = macOS/Info.plist;
				LD_RUNPATH_SEARCH_PATHS = (
					"$(inherited)",
					"@executable_path/../Frameworks",
				);
				MACOSX_DEPLOYMENT_TARGET = 10.16;
				PRODUCT_BUNDLE_IDENTIFIER = "code.amitdev.Expanding-hierarchy";
				PRODUCT_NAME = "Expanding hierarchy";
				SDKROOT = macosx;
				SWIFT_VERSION = 5.0;
			};
			name = Debug;
		};
		830781C924B8F88400D642EB /* Release */ = {
			isa = XCBuildConfiguration;
			buildSettings = {
				ASSETCATALOG_COMPILER_APPICON_NAME = AppIcon;
				ASSETCATALOG_COMPILER_GLOBAL_ACCENT_COLOR_NAME = AccentColor;
				CODE_SIGN_ENTITLEMENTS = macOS/macOS.entitlements;
				CODE_SIGN_STYLE = Automatic;
				COMBINE_HIDPI_IMAGES = YES;
				DEVELOPMENT_TEAM = NWJALMT777;
				ENABLE_HARDENED_RUNTIME = YES;
				ENABLE_PREVIEWS = YES;
				INFOPLIST_FILE = macOS/Info.plist;
				LD_RUNPATH_SEARCH_PATHS = (
					"$(inherited)",
					"@executable_path/../Frameworks",
				);
				MACOSX_DEPLOYMENT_TARGET = 10.16;
				PRODUCT_BUNDLE_IDENTIFIER = "code.amitdev.Expanding-hierarchy";
				PRODUCT_NAME = "Expanding hierarchy";
				SDKROOT = macosx;
				SWIFT_VERSION = 5.0;
			};
			name = Release;
		};
/* End XCBuildConfiguration section */

/* Begin XCConfigurationList section */
		830781A724B8F87F00D642EB /* Build configuration list for PBXProject "Expanding hierarchy" */ = {
			isa = XCConfigurationList;
			buildConfigurations = (
				830781C224B8F88400D642EB /* Debug */,
				830781C324B8F88400D642EB /* Release */,
			);
			defaultConfigurationIsVisible = 0;
			defaultConfigurationName = Release;
		};
		830781C424B8F88400D642EB /* Build configuration list for PBXNativeTarget "Expanding hierarchy (iOS)" */ = {
			isa = XCConfigurationList;
			buildConfigurations = (
				830781C524B8F88400D642EB /* Debug */,
				830781C624B8F88400D642EB /* Release */,
			);
			defaultConfigurationIsVisible = 0;
			defaultConfigurationName = Release;
		};
		830781C724B8F88400D642EB /* Build configuration list for PBXNativeTarget "Expanding hierarchy (macOS)" */ = {
			isa = XCConfigurationList;
			buildConfigurations = (
				830781C824B8F88400D642EB /* Debug */,
				830781C924B8F88400D642EB /* Release */,
			);
			defaultConfigurationIsVisible = 0;
			defaultConfigurationName = Release;
		};
/* End XCConfigurationList section */
	};
	rootObject = 830781A424B8F87F00D642EB /* Project object */;
}
